// !$*UTF8*$!
{
	archiveVersion = 1;
	classes = {
	};
	objectVersion = 55;
	objects = {

/* Begin PBXBuildFile section */
		3F31FE6E2989F0FD00C42D52 /* AppDelegate.swift in Sources */ = {isa = PBXBuildFile; fileRef = 3F31FE6D2989F0FD00C42D52 /* AppDelegate.swift */; };
		3F31FE702989F0FD00C42D52 /* SceneDelegate.swift in Sources */ = {isa = PBXBuildFile; fileRef = 3F31FE6F2989F0FD00C42D52 /* SceneDelegate.swift */; };
		3F31FE722989F0FD00C42D52 /* ViewController.swift in Sources */ = {isa = PBXBuildFile; fileRef = 3F31FE712989F0FD00C42D52 /* ViewController.swift */; };
		3F31FE752989F0FD00C42D52 /* Main.storyboard in Resources */ = {isa = PBXBuildFile; fileRef = 3F31FE732989F0FD00C42D52 /* Main.storyboard */; };
		3F31FE772989F10000C42D52 /* Assets.xcassets in Resources */ = {isa = PBXBuildFile; fileRef = 3F31FE762989F10000C42D52 /* Assets.xcassets */; };
		3F31FE7A2989F10000C42D52 /* LaunchScreen.storyboard in Resources */ = {isa = PBXBuildFile; fileRef = 3F31FE782989F10000C42D52 /* LaunchScreen.storyboard */; };
		3F31FE852989F10100C42D52 /* Alapati_Assignment01Tests.swift in Sources */ = {isa = PBXBuildFile; fileRef = 3F31FE842989F10100C42D52 /* Alapati_Assignment01Tests.swift */; };
		3F31FE8F2989F10100C42D52 /* Alapati_Assignment01UITests.swift in Sources */ = {isa = PBXBuildFile; fileRef = 3F31FE8E2989F10100C42D52 /* Alapati_Assignment01UITests.swift */; };
		3F31FE912989F10100C42D52 /* Alapati_Assignment01UITestsLaunchTests.swift in Sources */ = {isa = PBXBuildFile; fileRef = 3F31FE902989F10100C42D52 /* Alapati_Assignment01UITestsLaunchTests.swift */; };
/* End PBXBuildFile section */

/* Begin PBXContainerItemProxy section */
		3F31FE812989F10100C42D52 /* PBXContainerItemProxy */ = {
			isa = PBXContainerItemProxy;
			containerPortal = 3F31FE622989F0FD00C42D52 /* Project object */;
			proxyType = 1;
			remoteGlobalIDString = 3F31FE692989F0FD00C42D52;
			remoteInfo = Alapati_Assignment01;
		};
		3F31FE8B2989F10100C42D52 /* PBXContainerItemProxy */ = {
			isa = PBXContainerItemProxy;
			containerPortal = 3F31FE622989F0FD00C42D52 /* Project object */;
			proxyType = 1;
			remoteGlobalIDString = 3F31FE692989F0FD00C42D52;
			remoteInfo = Alapati_Assignment01;
		};
/* End PBXContainerItemProxy section */

/* Begin PBXFileReference section */
		3F31FE6A2989F0FD00C42D52 /* Alapati_Assignment01.app */ = {isa = PBXFileReference; explicitFileType = wrapper.application; includeInIndex = 0; path = Alapati_Assignment01.app; sourceTree = BUILT_PRODUCTS_DIR; };
		3F31FE6D2989F0FD00C42D52 /* AppDelegate.swift */ = {isa = PBXFileReference; lastKnownFileType = sourcecode.swift; path = AppDelegate.swift; sourceTree = "<group>"; };
		3F31FE6F2989F0FD00C42D52 /* SceneDelegate.swift */ = {isa = PBXFileReference; lastKnownFileType = sourcecode.swift; path = SceneDelegate.swift; sourceTree = "<group>"; };
		3F31FE712989F0FD00C42D52 /* ViewController.swift */ = {isa = PBXFileReference; lastKnownFileType = sourcecode.swift; path = ViewController.swift; sourceTree = "<group>"; };
		3F31FE742989F0FD00C42D52 /* Base */ = {isa = PBXFileReference; lastKnownFileType = file.storyboard; name = Base; path = Base.lproj/Main.storyboard; sourceTree = "<group>"; };
		3F31FE762989F10000C42D52 /* Assets.xcassets */ = {isa = PBXFileReference; lastKnownFileType = folder.assetcatalog; path = Assets.xcassets; sourceTree = "<group>"; };
		3F31FE792989F10000C42D52 /* Base */ = {isa = PBXFileReference; lastKnownFileType = file.storyboard; name = Base; path = Base.lproj/LaunchScreen.storyboard; sourceTree = "<group>"; };
		3F31FE7B2989F10000C42D52 /* Info.plist */ = {isa = PBXFileReference; lastKnownFileType = text.plist.xml; path = Info.plist; sourceTree = "<group>"; };
		3F31FE802989F10100C42D52 /* Alapati_Assignment01Tests.xctest */ = {isa = PBXFileReference; explicitFileType = wrapper.cfbundle; includeInIndex = 0; path = Alapati_Assignment01Tests.xctest; sourceTree = BUILT_PRODUCTS_DIR; };
		3F31FE842989F10100C42D52 /* Alapati_Assignment01Tests.swift */ = {isa = PBXFileReference; lastKnownFileType = sourcecode.swift; path = Alapati_Assignment01Tests.swift; sourceTree = "<group>"; };
		3F31FE8A2989F10100C42D52 /* Alapati_Assignment01UITests.xctest */ = {isa = PBXFileReference; explicitFileType = wrapper.cfbundle; includeInIndex = 0; path = Alapati_Assignment01UITests.xctest; sourceTree = BUILT_PRODUCTS_DIR; };
		3F31FE8E2989F10100C42D52 /* Alapati_Assignment01UITests.swift */ = {isa = PBXFileReference; lastKnownFileType = sourcecode.swift; path = Alapati_Assignment01UITests.swift; sourceTree = "<group>"; };
		3F31FE902989F10100C42D52 /* Alapati_Assignment01UITestsLaunchTests.swift */ = {isa = PBXFileReference; lastKnownFileType = sourcecode.swift; path = Alapati_Assignment01UITestsLaunchTests.swift; sourceTree = "<group>"; };
/* End PBXFileReference section */

/* Begin PBXFrameworksBuildPhase section */
		3F31FE672989F0FD00C42D52 /* Frameworks */ = {
			isa = PBXFrameworksBuildPhase;
			buildActionMask = 2147483647;
			files = (
			);
			runOnlyForDeploymentPostprocessing = 0;
		};
		3F31FE7D2989F10100C42D52 /* Frameworks */ = {
			isa = PBXFrameworksBuildPhase;
			buildActionMask = 2147483647;
			files = (
			);
			runOnlyForDeploymentPostprocessing = 0;
		};
		3F31FE872989F10100C42D52 /* Frameworks */ = {
			isa = PBXFrameworksBuildPhase;
			buildActionMask = 2147483647;
			files = (
			);
			runOnlyForDeploymentPostprocessing = 0;
		};
/* End PBXFrameworksBuildPhase section */

/* Begin PBXGroup section */
		3F31FE612989F0FD00C42D52 = {
			isa = PBXGroup;
			children = (
				3F31FE6C2989F0FD00C42D52 /* Alapati_Assignment01 */,
				3F31FE832989F10100C42D52 /* Alapati_Assignment01Tests */,
				3F31FE8D2989F10100C42D52 /* Alapati_Assignment01UITests */,
				3F31FE6B2989F0FD00C42D52 /* Products */,
			);
			sourceTree = "<group>";
		};
		3F31FE6B2989F0FD00C42D52 /* Products */ = {
			isa = PBXGroup;
			children = (
				3F31FE6A2989F0FD00C42D52 /* Alapati_Assignment01.app */,
				3F31FE802989F10100C42D52 /* Alapati_Assignment01Tests.xctest */,
				3F31FE8A2989F10100C42D52 /* Alapati_Assignment01UITests.xctest */,
			);
			name = Products;
			sourceTree = "<group>";
		};
		3F31FE6C2989F0FD00C42D52 /* Alapati_Assignment01 */ = {
			isa = PBXGroup;
			children = (
				3F31FE6D2989F0FD00C42D52 /* AppDelegate.swift */,
				3F31FE6F2989F0FD00C42D52 /* SceneDelegate.swift */,
				3F31FE712989F0FD00C42D52 /* ViewController.swift */,
				3F31FE732989F0FD00C42D52 /* Main.storyboard */,
				3F31FE762989F10000C42D52 /* Assets.xcassets */,
				3F31FE782989F10000C42D52 /* LaunchScreen.storyboard */,
				3F31FE7B2989F10000C42D52 /* Info.plist */,
			);
			path = Alapati_Assignment01;
			sourceTree = "<group>";
		};
		3F31FE832989F10100C42D52 /* Alapati_Assignment01Tests */ = {
			isa = PBXGroup;
			children = (
				3F31FE842989F10100C42D52 /* Alapati_Assignment01Tests.swift */,
			);
			path = Alapati_Assignment01Tests;
			sourceTree = "<group>";
		};
		3F31FE8D2989F10100C42D52 /* Alapati_Assignment01UITests */ = {
			isa = PBXGroup;
			children = (
				3F31FE8E2989F10100C42D52 /* Alapati_Assignment01UITests.swift */,
				3F31FE902989F10100C42D52 /* Alapati_Assignment01UITestsLaunchTests.swift */,
			);
			path = Alapati_Assignment01UITests;
			sourceTree = "<group>";
		};
/* End PBXGroup section */

/* Begin PBXNativeTarget section */
		3F31FE692989F0FD00C42D52 /* Alapati_Assignment01 */ = {
			isa = PBXNativeTarget;
			buildConfigurationList = 3F31FE942989F10100C42D52 /* Build configuration list for PBXNativeTarget "Alapati_Assignment01" */;
			buildPhases = (
				3F31FE662989F0FD00C42D52 /* Sources */,
				3F31FE672989F0FD00C42D52 /* Frameworks */,
				3F31FE682989F0FD00C42D52 /* Resources */,
			);
			buildRules = (
			);
			dependencies = (
			);
			name = Alapati_Assignment01;
			productName = Alapati_Assignment01;
			productReference = 3F31FE6A2989F0FD00C42D52 /* Alapati_Assignment01.app */;
			productType = "com.apple.product-type.application";
		};
		3F31FE7F2989F10100C42D52 /* Alapati_Assignment01Tests */ = {
			isa = PBXNativeTarget;
			buildConfigurationList = 3F31FE972989F10100C42D52 /* Build configuration list for PBXNativeTarget "Alapati_Assignment01Tests" */;
			buildPhases = (
				3F31FE7C2989F10100C42D52 /* Sources */,
				3F31FE7D2989F10100C42D52 /* Frameworks */,
				3F31FE7E2989F10100C42D52 /* Resources */,
			);
			buildRules = (
			);
			dependencies = (
				3F31FE822989F10100C42D52 /* PBXTargetDependency */,
			);
			name = Alapati_Assignment01Tests;
			productName = Alapati_Assignment01Tests;
			productReference = 3F31FE802989F10100C42D52 /* Alapati_Assignment01Tests.xctest */;
			productType = "com.apple.product-type.bundle.unit-test";
		};
		3F31FE892989F10100C42D52 /* Alapati_Assignment01UITests */ = {
			isa = PBXNativeTarget;
			buildConfigurationList = 3F31FE9A2989F10100C42D52 /* Build configuration list for PBXNativeTarget "Alapati_Assignment01UITests" */;
			buildPhases = (
				3F31FE862989F10100C42D52 /* Sources */,
				3F31FE872989F10100C42D52 /* Frameworks */,
				3F31FE882989F10100C42D52 /* Resources */,
			);
			buildRules = (
			);
			dependencies = (
				3F31FE8C2989F10100C42D52 /* PBXTargetDependency */,
			);
			name = Alapati_Assignment01UITests;
			productName = Alapati_Assignment01UITests;
			productReference = 3F31FE8A2989F10100C42D52 /* Alapati_Assignment01UITests.xctest */;
			productType = "com.apple.product-type.bundle.ui-testing";
		};
/* End PBXNativeTarget section */

/* Begin PBXProject section */
		3F31FE622989F0FD00C42D52 /* Project object */ = {
			isa = PBXProject;
			attributes = {
				BuildIndependentTargetsInParallel = 1;
				LastSwiftUpdateCheck = 1340;
				LastUpgradeCheck = 1340;
				TargetAttributes = {
					3F31FE692989F0FD00C42D52 = {
						CreatedOnToolsVersion = 13.4.1;
					};
					3F31FE7F2989F10100C42D52 = {
						CreatedOnToolsVersion = 13.4.1;
						TestTargetID = 3F31FE692989F0FD00C42D52;
					};
					3F31FE892989F10100C42D52 = {
						CreatedOnToolsVersion = 13.4.1;
						TestTargetID = 3F31FE692989F0FD00C42D52;
					};
				};
			};
			buildConfigurationList = 3F31FE652989F0FD00C42D52 /* Build configuration list for PBXProject "Alapati_Assignment01" */;
			compatibilityVersion = "Xcode 13.0";
			developmentRegion = en;
			hasScannedForEncodings = 0;
			knownRegions = (
				en,
				Base,
			);
			mainGroup = 3F31FE612989F0FD00C42D52;
			productRefGroup = 3F31FE6B2989F0FD00C42D52 /* Products */;
			projectDirPath = "";
			projectRoot = "";
			targets = (
				3F31FE692989F0FD00C42D52 /* Alapati_Assignment01 */,
				3F31FE7F2989F10100C42D52 /* Alapati_Assignment01Tests */,
				3F31FE892989F10100C42D52 /* Alapati_Assignment01UITests */,
			);
		};
/* End PBXProject section */

/* Begin PBXResourcesBuildPhase section */
		3F31FE682989F0FD00C42D52 /* Resources */ = {
			isa = PBXResourcesBuildPhase;
			buildActionMask = 2147483647;
			files = (
				3F31FE7A2989F10000C42D52 /* LaunchScreen.storyboard in Resources */,
				3F31FE772989F10000C42D52 /* Assets.xcassets in Resources */,
				3F31FE752989F0FD00C42D52 /* Main.storyboard in Resources */,
			);
			runOnlyForDeploymentPostprocessing = 0;
		};
		3F31FE7E2989F10100C42D52 /* Resources */ = {
			isa = PBXResourcesBuildPhase;
			buildActionMask = 2147483647;
			files = (
			);
			runOnlyForDeploymentPostprocessing = 0;
		};
		3F31FE882989F10100C42D52 /* Resources */ = {
			isa = PBXResourcesBuildPhase;
			buildActionMask = 2147483647;
			files = (
			);
			runOnlyForDeploymentPostprocessing = 0;
		};
/* End PBXResourcesBuildPhase section */

/* Begin PBXSourcesBuildPhase section */
		3F31FE662989F0FD00C42D52 /* Sources */ = {
			isa = PBXSourcesBuildPhase;
			buildActionMask = 2147483647;
			files = (
				3F31FE722989F0FD00C42D52 /* ViewController.swift in Sources */,
				3F31FE6E2989F0FD00C42D52 /* AppDelegate.swift in Sources */,
				3F31FE702989F0FD00C42D52 /* SceneDelegate.swift in Sources */,
			);
			runOnlyForDeploymentPostprocessing = 0;
		};
		3F31FE7C2989F10100C42D52 /* Sources */ = {
			isa = PBXSourcesBuildPhase;
			buildActionMask = 2147483647;
			files = (
				3F31FE852989F10100C42D52 /* Alapati_Assignment01Tests.swift in Sources */,
			);
			runOnlyForDeploymentPostprocessing = 0;
		};
		3F31FE862989F10100C42D52 /* Sources */ = {
			isa = PBXSourcesBuildPhase;
			buildActionMask = 2147483647;
			files = (
				3F31FE8F2989F10100C42D52 /* Alapati_Assignment01UITests.swift in Sources */,
				3F31FE912989F10100C42D52 /* Alapati_Assignment01UITestsLaunchTests.swift in Sources */,
			);
			runOnlyForDeploymentPostprocessing = 0;
		};
/* End PBXSourcesBuildPhase section */

/* Begin PBXTargetDependency section */
		3F31FE822989F10100C42D52 /* PBXTargetDependency */ = {
			isa = PBXTargetDependency;
			target = 3F31FE692989F0FD00C42D52 /* Alapati_Assignment01 */;
			targetProxy = 3F31FE812989F10100C42D52 /* PBXContainerItemProxy */;
		};
		3F31FE8C2989F10100C42D52 /* PBXTargetDependency */ = {
			isa = PBXTargetDependency;
			target = 3F31FE692989F0FD00C42D52 /* Alapati_Assignment01 */;
			targetProxy = 3F31FE8B2989F10100C42D52 /* PBXContainerItemProxy */;
		};
/* End PBXTargetDependency section */

/* Begin PBXVariantGroup section */
		3F31FE732989F0FD00C42D52 /* Main.storyboard */ = {
			isa = PBXVariantGroup;
			children = (
				3F31FE742989F0FD00C42D52 /* Base */,
			);
			name = Main.storyboard;
			sourceTree = "<group>";
		};
		3F31FE782989F10000C42D52 /* LaunchScreen.storyboard */ = {
			isa = PBXVariantGroup;
			children = (
				3F31FE792989F10000C42D52 /* Base */,
			);
			name = LaunchScreen.storyboard;
			sourceTree = "<group>";
		};
/* End PBXVariantGroup section */

/* Begin XCBuildConfiguration section */
		3F31FE922989F10100C42D52 /* Debug */ = {
			isa = XCBuildConfiguration;
			buildSettings = {
				ALWAYS_SEARCH_USER_PATHS = NO;
				CLANG_ANALYZER_NONNULL = YES;
				CLANG_ANALYZER_NUMBER_OBJECT_CONVERSION = YES_AGGRESSIVE;
				CLANG_CXX_LANGUAGE_STANDARD = "gnu++17";
				CLANG_ENABLE_MODULES = YES;
				CLANG_ENABLE_OBJC_ARC = YES;
				CLANG_ENABLE_OBJC_WEAK = YES;
				CLANG_WARN_BLOCK_CAPTURE_AUTORELEASING = YES;
				CLANG_WARN_BOOL_CONVERSION = YES;
				CLANG_WARN_COMMA = YES;
				CLANG_WARN_CONSTANT_CONVERSION = YES;
				CLANG_WARN_DEPRECATED_OBJC_IMPLEMENTATIONS = YES;
				CLANG_WARN_DIRECT_OBJC_ISA_USAGE = YES_ERROR;
				CLANG_WARN_DOCUMENTATION_COMMENTS = YES;
				CLANG_WARN_EMPTY_BODY = YES;
				CLANG_WARN_ENUM_CONVERSION = YES;
				CLANG_WARN_INFINITE_RECURSION = YES;
				CLANG_WARN_INT_CONVERSION = YES;
				CLANG_WARN_NON_LITERAL_NULL_CONVERSION = YES;
				CLANG_WARN_OBJC_IMPLICIT_RETAIN_SELF = YES;
				CLANG_WARN_OBJC_LITERAL_CONVERSION = YES;
				CLANG_WARN_OBJC_ROOT_CLASS = YES_ERROR;
				CLANG_WARN_QUOTED_INCLUDE_IN_FRAMEWORK_HEADER = YES;
				CLANG_WARN_RANGE_LOOP_ANALYSIS = YES;
				CLANG_WARN_STRICT_PROTOTYPES = YES;
				CLANG_WARN_SUSPICIOUS_MOVE = YES;
				CLANG_WARN_UNGUARDED_AVAILABILITY = YES_AGGRESSIVE;
				CLANG_WARN_UNREACHABLE_CODE = YES;
				CLANG_WARN__DUPLICATE_METHOD_MATCH = YES;
				COPY_PHASE_STRIP = NO;
				DEBUG_INFORMATION_FORMAT = dwarf;
				ENABLE_STRICT_OBJC_MSGSEND = YES;
				ENABLE_TESTABILITY = YES;
				GCC_C_LANGUAGE_STANDARD = gnu11;
				GCC_DYNAMIC_NO_PIC = NO;
				GCC_NO_COMMON_BLOCKS = YES;
				GCC_OPTIMIZATION_LEVEL = 0;
				GCC_PREPROCESSOR_DEFINITIONS = (
					"DEBUG=1",
					"$(inherited)",
				);
				GCC_WARN_64_TO_32_BIT_CONVERSION = YES;
				GCC_WARN_ABOUT_RETURN_TYPE = YES_ERROR;
				GCC_WARN_UNDECLARED_SELECTOR = YES;
				GCC_WARN_UNINITIALIZED_AUTOS = YES_AGGRESSIVE;
				GCC_WARN_UNUSED_FUNCTION = YES;
				GCC_WARN_UNUSED_VARIABLE = YES;
				IPHONEOS_DEPLOYMENT_TARGET = 15.5;
				MTL_ENABLE_DEBUG_INFO = INCLUDE_SOURCE;
				MTL_FAST_MATH = YES;
				ONLY_ACTIVE_ARCH = YES;
				SDKROOT = iphoneos;
				SWIFT_ACTIVE_COMPILATION_CONDITIONS = DEBUG;
				SWIFT_OPTIMIZATION_LEVEL = "-Onone";
			};
			name = Debug;
		};
		3F31FE932989F10100C42D52 /* Release */ = {
			isa = XCBuildConfiguration;
			buildSettings = {
				ALWAYS_SEARCH_USER_PATHS = NO;
				CLANG_ANALYZER_NONNULL = YES;
				CLANG_ANALYZER_NUMBER_OBJECT_CONVERSION = YES_AGGRESSIVE;
				CLANG_CXX_LANGUAGE_STANDARD = "gnu++17";
				CLANG_ENABLE_MODULES = YES;
				CLANG_ENABLE_OBJC_ARC = YES;
				CLANG_ENABLE_OBJC_WEAK = YES;
				CLANG_WARN_BLOCK_CAPTURE_AUTORELEASING = YES;
				CLANG_WARN_BOOL_CONVERSION = YES;
				CLANG_WARN_COMMA = YES;
				CLANG_WARN_CONSTANT_CONVERSION = YES;
				CLANG_WARN_DEPRECATED_OBJC_IMPLEMENTATIONS = YES;
				CLANG_WARN_DIRECT_OBJC_ISA_USAGE = YES_ERROR;
				CLANG_WARN_DOCUMENTATION_COMMENTS = YES;
				CLANG_WARN_EMPTY_BODY = YES;
				CLANG_WARN_ENUM_CONVERSION = YES;
				CLANG_WARN_INFINITE_RECURSION = YES;
				CLANG_WARN_INT_CONVERSION = YES;
				CLANG_WARN_NON_LITERAL_NULL_CONVERSION = YES;
				CLANG_WARN_OBJC_IMPLICIT_RETAIN_SELF = YES;
				CLANG_WARN_OBJC_LITERAL_CONVERSION = YES;
				CLANG_WARN_OBJC_ROOT_CLASS = YES_ERROR;
				CLANG_WARN_QUOTED_INCLUDE_IN_FRAMEWORK_HEADER = YES;
				CLANG_WARN_RANGE_LOOP_ANALYSIS = YES;
				CLANG_WARN_STRICT_PROTOTYPES = YES;
				CLANG_WARN_SUSPICIOUS_MOVE = YES;
				CLANG_WARN_UNGUARDED_AVAILABILITY = YES_AGGRESSIVE;
				CLANG_WARN_UNREACHABLE_CODE = YES;
				CLANG_WARN__DUPLICATE_METHOD_MATCH = YES;
				COPY_PHASE_STRIP = NO;
				DEBUG_INFORMATION_FORMAT = "dwarf-with-dsym";
				ENABLE_NS_ASSERTIONS = NO;
				ENABLE_STRICT_OBJC_MSGSEND = YES;
				GCC_C_LANGUAGE_STANDARD = gnu11;
				GCC_NO_COMMON_BLOCKS = YES;
				GCC_WARN_64_TO_32_BIT_CONVERSION = YES;
				GCC_WARN_ABOUT_RETURN_TYPE = YES_ERROR;
				GCC_WARN_UNDECLARED_SELECTOR = YES;
				GCC_WARN_UNINITIALIZED_AUTOS = YES_AGGRESSIVE;
				GCC_WARN_UNUSED_FUNCTION = YES;
				GCC_WARN_UNUSED_VARIABLE = YES;
				IPHONEOS_DEPLOYMENT_TARGET = 15.5;
				MTL_ENABLE_DEBUG_INFO = NO;
				MTL_FAST_MATH = YES;
				SDKROOT = iphoneos;
				SWIFT_COMPILATION_MODE = wholemodule;
				SWIFT_OPTIMIZATION_LEVEL = "-O";
				VALIDATE_PRODUCT = YES;
			};
			name = Release;
		};
		3F31FE952989F10100C42D52 /* Debug */ = {
			isa = XCBuildConfiguration;
			buildSettings = {
				ASSETCATALOG_COMPILER_APPICON_NAME = AppIcon;
				ASSETCATALOG_COMPILER_GLOBAL_ACCENT_COLOR_NAME = AccentColor;
				CODE_SIGN_STYLE = Automatic;
				CURRENT_PROJECT_VERSION = 1;
				GENERATE_INFOPLIST_FILE = YES;
				INFOPLIST_FILE = Alapati_Assignment01/Info.plist;
				INFOPLIST_KEY_CFBundleDisplayName = Alapati_Assignment01;
				INFOPLIST_KEY_UIApplicationSupportsIndirectInputEvents = YES;
				INFOPLIST_KEY_UILaunchStoryboardName = LaunchScreen;
				INFOPLIST_KEY_UIMainStoryboardFile = Main;
				INFOPLIST_KEY_UISupportedInterfaceOrientations_iPad = "UIInterfaceOrientationPortrait UIInterfaceOrientationPortraitUpsideDown UIInterfaceOrientationLandscapeLeft UIInterfaceOrientationLandscapeRight";
				INFOPLIST_KEY_UISupportedInterfaceOrientations_iPhone = "UIInterfaceOrientationPortrait UIInterfaceOrientationLandscapeLeft UIInterfaceOrientationLandscapeRight";
				LD_RUNPATH_SEARCH_PATHS = (
					"$(inherited)",
					"@executable_path/Frameworks",
				);
				MARKETING_VERSION = 1.0;
				PRODUCT_BUNDLE_IDENTIFIER = "nwmsu.Alapati-Assignment01";
				PRODUCT_NAME = "$(TARGET_NAME)";
				SWIFT_EMIT_LOC_STRINGS = YES;
				SWIFT_VERSION = 5.0;
				TARGETED_DEVICE_FAMILY = "1,2";
			};
			name = Debug;
		};
		3F31FE962989F10100C42D52 /* Release */ = {
			isa = XCBuildConfiguration;
			buildSettings = {
				ASSETCATALOG_COMPILER_APPICON_NAME = AppIcon;
				ASSETCATALOG_COMPILER_GLOBAL_ACCENT_COLOR_NAME = AccentColor;
				CODE_SIGN_STYLE = Automatic;
				CURRENT_PROJECT_VERSION = 1;
				GENERATE_INFOPLIST_FILE = YES;
				INFOPLIST_FILE = Alapati_Assignment01/Info.plist;
				INFOPLIST_KEY_CFBundleDisplayName = Alapati_Assignment01;
				INFOPLIST_KEY_UIApplicationSupportsIndirectInputEvents = YES;
				INFOPLIST_KEY_UILaunchStoryboardName = LaunchScreen;
				INFOPLIST_KEY_UIMainStoryboardFile = Main;
				INFOPLIST_KEY_UISupportedInterfaceOrientations_iPad = "UIInterfaceOrientationPortrait UIInterfaceOrientationPortraitUpsideDown UIInterfaceOrientationLandscapeLeft UIInterfaceOrientationLandscapeRight";
				INFOPLIST_KEY_UISupportedInterfaceOrientations_iPhone = "UIInterfaceOrientationPortrait UIInterfaceOrientationLandscapeLeft UIInterfaceOrientationLandscapeRight";
				LD_RUNPATH_SEARCH_PATHS = (
					"$(inherited)",
					"@executable_path/Frameworks",
				);
				MARKETING_VERSION = 1.0;
				PRODUCT_BUNDLE_IDENTIFIER = "nwmsu.Alapati-Assignment01";
				PRODUCT_NAME = "$(TARGET_NAME)";
				SWIFT_EMIT_LOC_STRINGS = YES;
				SWIFT_VERSION = 5.0;
				TARGETED_DEVICE_FAMILY = "1,2";
			};
			name = Release;
		};
		3F31FE982989F10100C42D52 /* Debug */ = {
			isa = XCBuildConfiguration;
			buildSettings = {
				ALWAYS_EMBED_SWIFT_STANDARD_LIBRARIES = YES;
				BUNDLE_LOADER = "$(TEST_HOST)";
				CODE_SIGN_STYLE = Automatic;
				CURRENT_PROJECT_VERSION = 1;
				GENERATE_INFOPLIST_FILE = YES;
				IPHONEOS_DEPLOYMENT_TARGET = 15.5;
				MARKETING_VERSION = 1.0;
				PRODUCT_BUNDLE_IDENTIFIER = "nwmsu.Alapati-Assignment01Tests";
				PRODUCT_NAME = "$(TARGET_NAME)";
				SWIFT_EMIT_LOC_STRINGS = NO;
				SWIFT_VERSION = 5.0;
				TARGETED_DEVICE_FAMILY = "1,2";
				TEST_HOST = "$(BUILT_PRODUCTS_DIR)/Alapati_Assignment01.app/Alapati_Assignment01";
			};
			name = Debug;
		};
		3F31FE992989F10100C42D52 /* Release */ = {
			isa = XCBuildConfiguration;
			buildSettings = {
				ALWAYS_EMBED_SWIFT_STANDARD_LIBRARIES = YES;
				BUNDLE_LOADER = "$(TEST_HOST)";
				CODE_SIGN_STYLE = Automatic;
				CURRENT_PROJECT_VERSION = 1;
				GENERATE_INFOPLIST_FILE = YES;
				IPHONEOS_DEPLOYMENT_TARGET = 15.5;
				MARKETING_VERSION = 1.0;
				PRODUCT_BUNDLE_IDENTIFIER = "nwmsu.Alapati-Assignment01Tests";
				PRODUCT_NAME = "$(TARGET_NAME)";
				SWIFT_EMIT_LOC_STRINGS = NO;
				SWIFT_VERSION = 5.0;
				TARGETED_DEVICE_FAMILY = "1,2";
				TEST_HOST = "$(BUILT_PRODUCTS_DIR)/Alapati_Assignment01.app/Alapati_Assignment01";
			};
			name = Release;
		};
		3F31FE9B2989F10100C42D52 /* Debug */ = {
			isa = XCBuildConfiguration;
			buildSettings = {
				ALWAYS_EMBED_SWIFT_STANDARD_LIBRARIES = YES;
				CODE_SIGN_STYLE = Automatic;
				CURRENT_PROJECT_VERSION = 1;
				GENERATE_INFOPLIST_FILE = YES;
				MARKETING_VERSION = 1.0;
				PRODUCT_BUNDLE_IDENTIFIER = "nwmsu.Alapati-Assignment01UITests";
				PRODUCT_NAME = "$(TARGET_NAME)";
				SWIFT_EMIT_LOC_STRINGS = NO;
				SWIFT_VERSION = 5.0;
				TARGETED_DEVICE_FAMILY = "1,2";
				TEST_TARGET_NAME = Alapati_Assignment01;
			};
			name = Debug;
		};
		3F31FE9C2989F10100C42D52 /* Release */ = {
			isa = XCBuildConfiguration;
			buildSettings = {
				ALWAYS_EMBED_SWIFT_STANDARD_LIBRARIES = YES;
				CODE_SIGN_STYLE = Automatic;
				CURRENT_PROJECT_VERSION = 1;
				GENERATE_INFOPLIST_FILE = YES;
				MARKETING_VERSION = 1.0;
				PRODUCT_BUNDLE_IDENTIFIER = "nwmsu.Alapati-Assignment01UITests";
				PRODUCT_NAME = "$(TARGET_NAME)";
				SWIFT_EMIT_LOC_STRINGS = NO;
				SWIFT_VERSION = 5.0;
				TARGETED_DEVICE_FAMILY = "1,2";
				TEST_TARGET_NAME = Alapati_Assignment01;
			};
			name = Release;
		};
/* End XCBuildConfiguration section */

/* Begin XCConfigurationList section */
		3F31FE652989F0FD00C42D52 /* Build configuration list for PBXProject "Alapati_Assignment01" */ = {
			isa = XCConfigurationList;
			buildConfigurations = (
				3F31FE922989F10100C42D52 /* Debug */,
				3F31FE932989F10100C42D52 /* Release */,
			);
			defaultConfigurationIsVisible = 0;
			defaultConfigurationName = Release;
		};
		3F31FE942989F10100C42D52 /* Build configuration list for PBXNativeTarget "Alapati_Assignment01" */ = {
			isa = XCConfigurationList;
			buildConfigurations = (
				3F31FE952989F10100C42D52 /* Debug */,
				3F31FE962989F10100C42D52 /* Release */,
			);
			defaultConfigurationIsVisible = 0;
			defaultConfigurationName = Release;
		};
		3F31FE972989F10100C42D52 /* Build configuration list for PBXNativeTarget "Alapati_Assignment01Tests" */ = {
			isa = XCConfigurationList;
			buildConfigurations = (
				3F31FE982989F10100C42D52 /* Debug */,
				3F31FE992989F10100C42D52 /* Release */,
			);
			defaultConfigurationIsVisible = 0;
			defaultConfigurationName = Release;
		};
		3F31FE9A2989F10100C42D52 /* Build configuration list for PBXNativeTarget "Alapati_Assignment01UITests" */ = {
			isa = XCConfigurationList;
			buildConfigurations = (
				3F31FE9B2989F10100C42D52 /* Debug */,
				3F31FE9C2989F10100C42D52 /* Release */,
			);
			defaultConfigurationIsVisible = 0;
			defaultConfigurationName = Release;
		};
/* End XCConfigurationList section */
	};
	rootObject = 3F31FE622989F0FD00C42D52 /* Project object */;
}
